
Microsoft Visual Studio Solution File, Format Version 12.00
# Visual Studio 15
VisualStudioVersion = 15.0.28307.779
MinimumVisualStudioVersion = 10.0.40219.1
Project("{8BC9CEB8-8B4A-11D0-8D11-00A0C91BC942}") = "ProjectAries", "ProjectAries\ProjectAries.vcxproj", "{43D7C607-B71B-4FB6-A747-689E91F677CB}"
EndProject
Project("{888888A0-9F3D-457C-B088-3A5042F75D52}") = "gui", "gui\gui.pyproj", "{3296AA34-9375-45F8-B6AB-5C0C023AA747}"
EndProject
Global
	GlobalSection(SolutionConfigurationPlatforms) = preSolution
		Debug|Any CPU = Debug|Any CPU
		Debug|x64 = Debug|x64
		Debug|x86 = Debug|x86
		Release|Any CPU = Release|Any CPU
		Release|x64 = Release|x64
		Release|x86 = Release|x86
	EndGlobalSection
	GlobalSection(ProjectConfigurationPlatforms) = postSolution
		{43D7C607-B71B-4FB6-A747-689E91F677CB}.Debug|Any CPU.ActiveCfg = Debug|Win32
		{43D7C607-B71B-4FB6-A747-689E91F677CB}.Debug|x64.ActiveCfg = Debug|x64
		{43D7C607-B71B-4FB6-A747-689E91F677CB}.Debug|x64.Build.0 = Debug|x64
		{43D7C607-B71B-4FB6-A747-689E91F677CB}.Debug|x86.ActiveCfg = Debug|Win32
		{43D7C607-B71B-4FB6-A747-689E91F677CB}.Debug|x86.Build.0 = Debug|Win32
		{43D7C607-B71B-4FB6-A747-689E91F677CB}.Release|Any CPU.ActiveCfg = Release|Win32
		{43D7C607-B71B-4FB6-A747-689E91F677CB}.Release|x64.ActiveCfg = Release|x64
		{43D7C607-B71B-4FB6-A747-689E91F677CB}.Release|x64.Build.0 = Release|x64
		{43D7C607-B71B-4FB6-A747-689E91F677CB}.Release|x86.ActiveCfg = Release|Win32
		{43D7C607-B71B-4FB6-A747-689E91F677CB}.Release|x86.Build.0 = Release|Win32
		{3296AA34-9375-45F8-B6AB-5C0C023AA747}.Debug|Any CPU.ActiveCfg = Debug|Any CPU
		{3296AA34-9375-45F8-B6AB-5C0C023AA747}.Debug|x64.ActiveCfg = Debug|Any CPU
		{3296AA34-9375-45F8-B6AB-5C0C023AA747}.Debug|x86.ActiveCfg = Debug|Any CPU
		{3296AA34-9375-45F8-B6AB-5C0C023AA747}.Release|Any CPU.ActiveCfg = Release|Any CPU
		{3296AA34-9375-45F8-B6AB-5C0C023AA747}.Release|x64.ActiveCfg = Release|Any CPU
		{3296AA34-9375-45F8-B6AB-5C0C023AA747}.Release|x86.ActiveCfg = Release|Any CPU
	EndGlobalSection
	GlobalSection(SolutionProperties) = preSolution
		HideSolutionNode = FALSE
	EndGlobalSection
	GlobalSection(ExtensibilityGlobals) = postSolution
		SolutionGuid = {A011929D-7167-4374-8341-F5A1C4715D9D}
	EndGlobalSection
EndGlobal
